
Microsoft Visual Studio Solution File, Format Version 12.00
# Visual Studio Version 17
VisualStudioVersion = 17.13.35931.197 d17.13
MinimumVisualStudioVersion = 10.0.40219.1
Project("{FAE04EC0-301F-11D3-BF4B-00C04F79EFBC}") = "PinedaLuis_EvaluacionP1", "PinedaLuis_EvaluacionP1.csproj", "{5A4D6D1C-564E-4A1A-A2EC-FC11B885E868}"
EndProject
Global
	GlobalSection(SolutionConfigurationPlatforms) = preSolution
		Debug|Any CPU = Debug|Any CPU
		Release|Any CPU = Release|Any CPU
	EndGlobalSection
	GlobalSection(ProjectConfigurationPlatforms) = postSolution
		{5A4D6D1C-564E-4A1A-A2EC-FC11B885E868}.Debug|Any CPU.ActiveCfg = Debug|Any CPU
		{5A4D6D1C-564E-4A1A-A2EC-FC11B885E868}.Debug|Any CPU.Build.0 = Debug|Any CPU
		{5A4D6D1C-564E-4A1A-A2EC-FC11B885E868}.Release|Any CPU.ActiveCfg = Release|Any CPU
		{5A4D6D1C-564E-4A1A-A2EC-FC11B885E868}.Release|Any CPU.Build.0 = Release|Any CPU
	EndGlobalSection
	GlobalSection(SolutionProperties) = preSolution
		HideSolutionNode = FALSE
	EndGlobalSection
	GlobalSection(ExtensibilityGlobals) = postSolution
		SolutionGuid = {0E72651D-F5C7-4205-A2DF-37CA4F97A761}
	EndGlobalSection
EndGlobal
